// !$*UTF8*$!
{
	archiveVersion = 1;
	classes = {
	};
	objectVersion = 46;
	objects = {

/* Begin PBXBuildFile section */
		625706E91E13FE2400D71872 /* main.m in Sources */ = {isa = PBXBuildFile; fileRef = 625706E81E13FE2400D71872 /* main.m */; };
		625706EC1E13FE2400D71872 /* AppDelegate.m in Sources */ = {isa = PBXBuildFile; fileRef = 625706EB1E13FE2400D71872 /* AppDelegate.m */; };
		625706EF1E13FE2400D71872 /* ViewController.m in Sources */ = {isa = PBXBuildFile; fileRef = 625706EE1E13FE2400D71872 /* ViewController.m */; };
		625706F21E13FE2500D71872 /* Main.storyboard in Resources */ = {isa = PBXBuildFile; fileRef = 625706F01E13FE2500D71872 /* Main.storyboard */; };
		625706F41E13FE2500D71872 /* Assets.xcassets in Resources */ = {isa = PBXBuildFile; fileRef = 625706F31E13FE2500D71872 /* Assets.xcassets */; };
		625706F71E13FE2500D71872 /* LaunchScreen.storyboard in Resources */ = {isa = PBXBuildFile; fileRef = 625706F51E13FE2500D71872 /* LaunchScreen.storyboard */; };
		625707101E13FE8900D71872 /* MXKeyboardToolbar.m in Sources */ = {isa = PBXBuildFile; fileRef = 625707001E13FE8900D71872 /* MXKeyboardToolbar.m */; };
		625707111E13FE8900D71872 /* MXToolbarButton.m in Sources */ = {isa = PBXBuildFile; fileRef = 625707021E13FE8900D71872 /* MXToolbarButton.m */; };
		625707121E13FE8900D71872 /* bold.png in Resources */ = {isa = PBXBuildFile; fileRef = 625707041E13FE8900D71872 /* bold.png */; };
		625707131E13FE8900D71872 /* code.png in Resources */ = {isa = PBXBuildFile; fileRef = 625707051E13FE8900D71872 /* code.png */; };
		625707141E13FE8900D71872 /* help.png in Resources */ = {isa = PBXBuildFile; fileRef = 625707061E13FE8900D71872 /* help.png */; };
		625707151E13FE8900D71872 /* hr.png in Resources */ = {isa = PBXBuildFile; fileRef = 625707071E13FE8900D71872 /* hr.png */; };
		625707161E13FE8900D71872 /* img.png in Resources */ = {isa = PBXBuildFile; fileRef = 625707081E13FE8900D71872 /* img.png */; };
		625707171E13FE8900D71872 /* italic.png in Resources */ = {isa = PBXBuildFile; fileRef = 625707091E13FE8900D71872 /* italic.png */; };
		625707181E13FE8900D71872 /* link.png in Resources */ = {isa = PBXBuildFile; fileRef = 6257070A1E13FE8900D71872 /* link.png */; };
		625707191E13FE8900D71872 /* more.png in Resources */ = {isa = PBXBuildFile; fileRef = 6257070B1E13FE8900D71872 /* more.png */; };
		6257071A1E13FE8900D71872 /* ol.png in Resources */ = {isa = PBXBuildFile; fileRef = 6257070C1E13FE8900D71872 /* ol.png */; };
		6257071B1E13FE8900D71872 /* quote.png in Resources */ = {isa = PBXBuildFile; fileRef = 6257070D1E13FE8900D71872 /* quote.png */; };
		6257071C1E13FE8900D71872 /* title.png in Resources */ = {isa = PBXBuildFile; fileRef = 6257070E1E13FE8900D71872 /* title.png */; };
		6257071D1E13FE8900D71872 /* ul.png in Resources */ = {isa = PBXBuildFile; fileRef = 6257070F1E13FE8900D71872 /* ul.png */; };
		625707221E13FF0D00D71872 /* BYMarkdownKeyboard.m in Sources */ = {isa = PBXBuildFile; fileRef = 625707211E13FF0D00D71872 /* BYMarkdownKeyboard.m */; };
		625707251E13FF3B00D71872 /* BYToolboardToolBar.m in Sources */ = {isa = PBXBuildFile; fileRef = 625707241E13FF3B00D71872 /* BYToolboardToolBar.m */; };
/* End PBXBuildFile section */

/* Begin PBXFileReference section */
		625706E41E13FE2400D71872 /* Markdown.app */ = {isa = PBXFileReference; explicitFileType = wrapper.application; includeInIndex = 0; path = Markdown.app; sourceTree = BUILT_PRODUCTS_DIR; };
		625706E81E13FE2400D71872 /* main.m */ = {isa = PBXFileReference; lastKnownFileType = sourcecode.c.objc; path = main.m; sourceTree = "<group>"; };
		625706EA1E13FE2400D71872 /* AppDelegate.h */ = {isa = PBXFileReference; lastKnownFileType = sourcecode.c.h; path = AppDelegate.h; sourceTree = "<group>"; };
		625706EB1E13FE2400D71872 /* AppDelegate.m */ = {isa = PBXFileReference; lastKnownFileType = sourcecode.c.objc; path = AppDelegate.m; sourceTree = "<group>"; };
		625706ED1E13FE2400D71872 /* ViewController.h */ = {isa = PBXFileReference; lastKnownFileType = sourcecode.c.h; path = ViewController.h; sourceTree = "<group>"; };
		625706EE1E13FE2400D71872 /* ViewController.m */ = {isa = PBXFileReference; lastKnownFileType = sourcecode.c.objc; path = ViewController.m; sourceTree = "<group>"; };
		625706F11E13FE2500D71872 /* Base */ = {isa = PBXFileReference; lastKnownFileType = file.storyboard; name = Base; path = Base.lproj/Main.storyboard; sourceTree = "<group>"; };
		625706F31E13FE2500D71872 /* Assets.xcassets */ = {isa = PBXFileReference; lastKnownFileType = folder.assetcatalog; path = Assets.xcassets; sourceTree = "<group>"; };
		625706F61E13FE2500D71872 /* Base */ = {isa = PBXFileReference; lastKnownFileType = file.storyboard; name = Base; path = Base.lproj/LaunchScreen.storyboard; sourceTree = "<group>"; };
		625706F81E13FE2500D71872 /* Info.plist */ = {isa = PBXFileReference; lastKnownFileType = text.plist.xml; path = Info.plist; sourceTree = "<group>"; };
		625706FF1E13FE8900D71872 /* MXKeyboardToolbar.h */ = {isa = PBXFileReference; fileEncoding = 4; lastKnownFileType = sourcecode.c.h; path = MXKeyboardToolbar.h; sourceTree = "<group>"; };
		625707001E13FE8900D71872 /* MXKeyboardToolbar.m */ = {isa = PBXFileReference; fileEncoding = 4; lastKnownFileType = sourcecode.c.objc; path = MXKeyboardToolbar.m; sourceTree = "<group>"; };
		625707011E13FE8900D71872 /* MXToolbarButton.h */ = {isa = PBXFileReference; fileEncoding = 4; lastKnownFileType = sourcecode.c.h; path = MXToolbarButton.h; sourceTree = "<group>"; };
		625707021E13FE8900D71872 /* MXToolbarButton.m */ = {isa = PBXFileReference; fileEncoding = 4; lastKnownFileType = sourcecode.c.objc; path = MXToolbarButton.m; sourceTree = "<group>"; };
		625707041E13FE8900D71872 /* bold.png */ = {isa = PBXFileReference; lastKnownFileType = image.png; path = bold.png; sourceTree = "<group>"; };
		625707051E13FE8900D71872 /* code.png */ = {isa = PBXFileReference; lastKnownFileType = image.png; path = code.png; sourceTree = "<group>"; };
		625707061E13FE8900D71872 /* help.png */ = {isa = PBXFileReference; lastKnownFileType = image.png; path = help.png; sourceTree = "<group>"; };
		625707071E13FE8900D71872 /* hr.png */ = {isa = PBXFileReference; lastKnownFileType = image.png; path = hr.png; sourceTree = "<group>"; };
		625707081E13FE8900D71872 /* img.png */ = {isa = PBXFileReference; lastKnownFileType = image.png; path = img.png; sourceTree = "<group>"; };
		625707091E13FE8900D71872 /* italic.png */ = {isa = PBXFileReference; lastKnownFileType = image.png; path = italic.png; sourceTree = "<group>"; };
		6257070A1E13FE8900D71872 /* link.png */ = {isa = PBXFileReference; lastKnownFileType = image.png; path = link.png; sourceTree = "<group>"; };
		6257070B1E13FE8900D71872 /* more.png */ = {isa = PBXFileReference; lastKnownFileType = image.png; path = more.png; sourceTree = "<group>"; };
		6257070C1E13FE8900D71872 /* ol.png */ = {isa = PBXFileReference; lastKnownFileType = image.png; path = ol.png; sourceTree = "<group>"; };
		6257070D1E13FE8900D71872 /* quote.png */ = {isa = PBXFileReference; lastKnownFileType = image.png; path = quote.png; sourceTree = "<group>"; };
		6257070E1E13FE8900D71872 /* title.png */ = {isa = PBXFileReference; lastKnownFileType = image.png; path = title.png; sourceTree = "<group>"; };
		6257070F1E13FE8900D71872 /* ul.png */ = {isa = PBXFileReference; lastKnownFileType = image.png; path = ul.png; sourceTree = "<group>"; };
		625707201E13FF0D00D71872 /* BYMarkdownKeyboard.h */ = {isa = PBXFileReference; fileEncoding = 4; lastKnownFileType = sourcecode.c.h; path = BYMarkdownKeyboard.h; sourceTree = "<group>"; };
		625707211E13FF0D00D71872 /* BYMarkdownKeyboard.m */ = {isa = PBXFileReference; fileEncoding = 4; lastKnownFileType = sourcecode.c.objc; path = BYMarkdownKeyboard.m; sourceTree = "<group>"; };
		625707231E13FF3B00D71872 /* BYToolboardToolBar.h */ = {isa = PBXFileReference; fileEncoding = 4; lastKnownFileType = sourcecode.c.h; path = BYToolboardToolBar.h; sourceTree = "<group>"; };
		625707241E13FF3B00D71872 /* BYToolboardToolBar.m */ = {isa = PBXFileReference; fileEncoding = 4; lastKnownFileType = sourcecode.c.objc; path = BYToolboardToolBar.m; sourceTree = "<group>"; };
		625707261E14014400D71872 /* BYHeader.h */ = {isa = PBXFileReference; lastKnownFileType = sourcecode.c.h; path = BYHeader.h; sourceTree = "<group>"; };
/* End PBXFileReference section */

/* Begin PBXFrameworksBuildPhase section */
		625706E11E13FE2400D71872 /* Frameworks */ = {
			isa = PBXFrameworksBuildPhase;
			buildActionMask = 2147483647;
			files = (
			);
			runOnlyForDeploymentPostprocessing = 0;
		};
/* End PBXFrameworksBuildPhase section */

/* Begin PBXGroup section */
		625706DB1E13FE2400D71872 = {
			isa = PBXGroup;
			children = (
				625706E61E13FE2400D71872 /* Markdown */,
				625706E51E13FE2400D71872 /* Products */,
			);
			sourceTree = "<group>";
		};
		625706E51E13FE2400D71872 /* Products */ = {
			isa = PBXGroup;
			children = (
				625706E41E13FE2400D71872 /* Markdown.app */,
			);
			name = Products;
			sourceTree = "<group>";
		};
		625706E61E13FE2400D71872 /* Markdown */ = {
			isa = PBXGroup;
			children = (
				6257071F1E13FE9F00D71872 /* BYMarkdownKeyboard */,
				625706FE1E13FE8900D71872 /* MXMarkdownKeyboard */,
				625706EA1E13FE2400D71872 /* AppDelegate.h */,
				625706EB1E13FE2400D71872 /* AppDelegate.m */,
				625706ED1E13FE2400D71872 /* ViewController.h */,
				625706EE1E13FE2400D71872 /* ViewController.m */,
				625706E71E13FE2400D71872 /* Supporting Files */,
			);
			path = Markdown;
			sourceTree = "<group>";
		};
		625706E71E13FE2400D71872 /* Supporting Files */ = {
			isa = PBXGroup;
			children = (
				625706F01E13FE2500D71872 /* Main.storyboard */,
				625706F31E13FE2500D71872 /* Assets.xcassets */,
				625706F51E13FE2500D71872 /* LaunchScreen.storyboard */,
				625706F81E13FE2500D71872 /* Info.plist */,
				625706E81E13FE2400D71872 /* main.m */,
				625707261E14014400D71872 /* BYHeader.h */,
			);
			name = "Supporting Files";
			sourceTree = "<group>";
		};
		625706FE1E13FE8900D71872 /* MXMarkdownKeyboard */ = {
			isa = PBXGroup;
			children = (
				625706FF1E13FE8900D71872 /* MXKeyboardToolbar.h */,
				625707001E13FE8900D71872 /* MXKeyboardToolbar.m */,
				625707011E13FE8900D71872 /* MXToolbarButton.h */,
				625707021E13FE8900D71872 /* MXToolbarButton.m */,
				625707031E13FE8900D71872 /* Resources */,
			);
			path = MXMarkdownKeyboard;
			sourceTree = "<group>";
		};
		625707031E13FE8900D71872 /* Resources */ = {
			isa = PBXGroup;
			children = (
				625707041E13FE8900D71872 /* bold.png */,
				625707051E13FE8900D71872 /* code.png */,
				625707061E13FE8900D71872 /* help.png */,
				625707071E13FE8900D71872 /* hr.png */,
				625707081E13FE8900D71872 /* img.png */,
				625707091E13FE8900D71872 /* italic.png */,
				6257070A1E13FE8900D71872 /* link.png */,
				6257070B1E13FE8900D71872 /* more.png */,
				6257070C1E13FE8900D71872 /* ol.png */,
				6257070D1E13FE8900D71872 /* quote.png */,
				6257070E1E13FE8900D71872 /* title.png */,
				6257070F1E13FE8900D71872 /* ul.png */,
			);
			path = Resources;
			sourceTree = "<group>";
		};
		6257071F1E13FE9F00D71872 /* BYMarkdownKeyboard */ = {
			isa = PBXGroup;
			children = (
				625707201E13FF0D00D71872 /* BYMarkdownKeyboard.h */,
				625707211E13FF0D00D71872 /* BYMarkdownKeyboard.m */,
				625707231E13FF3B00D71872 /* BYToolboardToolBar.h */,
				625707241E13FF3B00D71872 /* BYToolboardToolBar.m */,
			);
			name = BYMarkdownKeyboard;
			sourceTree = "<group>";
		};
/* End PBXGroup section */

/* Begin PBXNativeTarget section */
		625706E31E13FE2400D71872 /* Markdown */ = {
			isa = PBXNativeTarget;
			buildConfigurationList = 625706FB1E13FE2500D71872 /* Build configuration list for PBXNativeTarget "Markdown" */;
			buildPhases = (
				625706E01E13FE2400D71872 /* Sources */,
				625706E11E13FE2400D71872 /* Frameworks */,
				625706E21E13FE2400D71872 /* Resources */,
			);
			buildRules = (
			);
			dependencies = (
			);
			name = Markdown;
			productName = Markdown;
			productReference = 625706E41E13FE2400D71872 /* Markdown.app */;
			productType = "com.apple.product-type.application";
		};
/* End PBXNativeTarget section */

/* Begin PBXProject section */
		625706DC1E13FE2400D71872 /* Project object */ = {
			isa = PBXProject;
			attributes = {
				LastUpgradeCheck = 0820;
				ORGANIZATIONNAME = "白云杰";
				TargetAttributes = {
					625706E31E13FE2400D71872 = {
						CreatedOnToolsVersion = 8.2;
						DevelopmentTeam = NA5G77P7FM;
						ProvisioningStyle = Automatic;
					};
				};
			};
			buildConfigurationList = 625706DF1E13FE2400D71872 /* Build configuration list for PBXProject "Markdown" */;
			compatibilityVersion = "Xcode 3.2";
			developmentRegion = English;
			hasScannedForEncodings = 0;
			knownRegions = (
				en,
				Base,
			);
			mainGroup = 625706DB1E13FE2400D71872;
			productRefGroup = 625706E51E13FE2400D71872 /* Products */;
			projectDirPath = "";
			projectRoot = "";
			targets = (
				625706E31E13FE2400D71872 /* Markdown */,
			);
		};
/* End PBXProject section */

/* Begin PBXResourcesBuildPhase section */
		625706E21E13FE2400D71872 /* Resources */ = {
			isa = PBXResourcesBuildPhase;
			buildActionMask = 2147483647;
			files = (
				625707151E13FE8900D71872 /* hr.png in Resources */,
				625707181E13FE8900D71872 /* link.png in Resources */,
				6257071C1E13FE8900D71872 /* title.png in Resources */,
				625707121E13FE8900D71872 /* bold.png in Resources */,
				625707131E13FE8900D71872 /* code.png in Resources */,
				6257071A1E13FE8900D71872 /* ol.png in Resources */,
				625707141E13FE8900D71872 /* help.png in Resources */,
				625706F71E13FE2500D71872 /* LaunchScreen.storyboard in Resources */,
				625707191E13FE8900D71872 /* more.png in Resources */,
				625707171E13FE8900D71872 /* italic.png in Resources */,
				6257071D1E13FE8900D71872 /* ul.png in Resources */,
				625706F41E13FE2500D71872 /* Assets.xcassets in Resources */,
				625706F21E13FE2500D71872 /* Main.storyboard in Resources */,
				625707161E13FE8900D71872 /* img.png in Resources */,
				6257071B1E13FE8900D71872 /* quote.png in Resources */,
			);
			runOnlyForDeploymentPostprocessing = 0;
		};
/* End PBXResourcesBuildPhase section */

/* Begin PBXSourcesBuildPhase section */
		625706E01E13FE2400D71872 /* Sources */ = {
			isa = PBXSourcesBuildPhase;
			buildActionMask = 2147483647;
			files = (
				625707221E13FF0D00D71872 /* BYMarkdownKeyboard.m in Sources */,
				625706EF1E13FE2400D71872 /* ViewController.m in Sources */,
				625706EC1E13FE2400D71872 /* AppDelegate.m in Sources */,
				625706E91E13FE2400D71872 /* main.m in Sources */,
				625707111E13FE8900D71872 /* MXToolbarButton.m in Sources */,
				625707101E13FE8900D71872 /* MXKeyboardToolbar.m in Sources */,
				625707251E13FF3B00D71872 /* BYToolboardToolBar.m in Sources */,
			);
			runOnlyForDeploymentPostprocessing = 0;
		};
/* End PBXSourcesBuildPhase section */

/* Begin PBXVariantGroup section */
		625706F01E13FE2500D71872 /* Main.storyboard */ = {
			isa = PBXVariantGroup;
			children = (
				625706F11E13FE2500D71872 /* Base */,
			);
			name = Main.storyboard;
			sourceTree = "<group>";
		};
		625706F51E13FE2500D71872 /* LaunchScreen.storyboard */ = {
			isa = PBXVariantGroup;
			children = (
				625706F61E13FE2500D71872 /* Base */,
			);
			name = LaunchScreen.storyboard;
			sourceTree = "<group>";
		};
/* End PBXVariantGroup section */

/* Begin XCBuildConfiguration section */
		625706F91E13FE2500D71872 /* Debug */ = {
			isa = XCBuildConfiguration;
			buildSettings = {
				ALWAYS_SEARCH_USER_PATHS = NO;
				CLANG_ANALYZER_NONNULL = YES;
				CLANG_CXX_LANGUAGE_STANDARD = "gnu++0x";
				CLANG_CXX_LIBRARY = "libc++";
				CLANG_ENABLE_MODULES = YES;
				CLANG_ENABLE_OBJC_ARC = YES;
				CLANG_WARN_BOOL_CONVERSION = YES;
				CLANG_WARN_CONSTANT_CONVERSION = YES;
				CLANG_WARN_DIRECT_OBJC_ISA_USAGE = YES_ERROR;
				CLANG_WARN_DOCUMENTATION_COMMENTS = YES;
				CLANG_WARN_EMPTY_BODY = YES;
				CLANG_WARN_ENUM_CONVERSION = YES;
				CLANG_WARN_INFINITE_RECURSION = YES;
				CLANG_WARN_INT_CONVERSION = YES;
				CLANG_WARN_OBJC_ROOT_CLASS = YES_ERROR;
				CLANG_WARN_SUSPICIOUS_MOVE = YES;
				CLANG_WARN_UNREACHABLE_CODE = YES;
				CLANG_WARN__DUPLICATE_METHOD_MATCH = YES;
				"CODE_SIGN_IDENTITY[sdk=iphoneos*]" = "iPhone Developer";
				COPY_PHASE_STRIP = NO;
				DEBUG_INFORMATION_FORMAT = dwarf;
				ENABLE_STRICT_OBJC_MSGSEND = YES;
				ENABLE_TESTABILITY = YES;
				GCC_C_LANGUAGE_STANDARD = gnu99;
				GCC_DYNAMIC_NO_PIC = NO;
				GCC_NO_COMMON_BLOCKS = YES;
				GCC_OPTIMIZATION_LEVEL = 0;
				GCC_PREPROCESSOR_DEFINITIONS = (
					"DEBUG=1",
					"$(inherited)",
				);
				GCC_WARN_64_TO_32_BIT_CONVERSION = YES;
				GCC_WARN_ABOUT_RETURN_TYPE = YES_ERROR;
				GCC_WARN_UNDECLARED_SELECTOR = YES;
				GCC_WARN_UNINITIALIZED_AUTOS = YES_AGGRESSIVE;
				GCC_WARN_UNUSED_FUNCTION = YES;
				GCC_WARN_UNUSED_VARIABLE = YES;
				IPHONEOS_DEPLOYMENT_TARGET = 10.2;
				MTL_ENABLE_DEBUG_INFO = YES;
				ONLY_ACTIVE_ARCH = YES;
				SDKROOT = iphoneos;
				TARGETED_DEVICE_FAMILY = "1,2";
			};
			name = Debug;
		};
		625706FA1E13FE2500D71872 /* Release */ = {
			isa = XCBuildConfiguration;
			buildSettings = {
				ALWAYS_SEARCH_USER_PATHS = NO;
				CLANG_ANALYZER_NONNULL = YES;
				CLANG_CXX_LANGUAGE_STANDARD = "gnu++0x";
				CLANG_CXX_LIBRARY = "libc++";
				CLANG_ENABLE_MODULES = YES;
				CLANG_ENABLE_OBJC_ARC = YES;
				CLANG_WARN_BOOL_CONVERSION = YES;
				CLANG_WARN_CONSTANT_CONVERSION = YES;
				CLANG_WARN_DIRECT_OBJC_ISA_USAGE = YES_ERROR;
				CLANG_WARN_DOCUMENTATION_COMMENTS = YES;
				CLANG_WARN_EMPTY_BODY = YES;
				CLANG_WARN_ENUM_CONVERSION = YES;
				CLANG_WARN_INFINITE_RECURSION = YES;
				CLANG_WARN_INT_CONVERSION = YES;
				CLANG_WARN_OBJC_ROOT_CLASS = YES_ERROR;
				CLANG_WARN_SUSPICIOUS_MOVE = YES;
				CLANG_WARN_UNREACHABLE_CODE = YES;
				CLANG_WARN__DUPLICATE_METHOD_MATCH = YES;
				"CODE_SIGN_IDENTITY[sdk=iphoneos*]" = "iPhone Developer";
				COPY_PHASE_STRIP = NO;
				DEBUG_INFORMATION_FORMAT = "dwarf-with-dsym";
				ENABLE_NS_ASSERTIONS = NO;
				ENABLE_STRICT_OBJC_MSGSEND = YES;
				GCC_C_LANGUAGE_STANDARD = gnu99;
				GCC_NO_COMMON_BLOCKS = YES;
				GCC_WARN_64_TO_32_BIT_CONVERSION = YES;
				GCC_WARN_ABOUT_RETURN_TYPE = YES_ERROR;
				GCC_WARN_UNDECLARED_SELECTOR = YES;
				GCC_WARN_UNINITIALIZED_AUTOS = YES_AGGRESSIVE;
				GCC_WARN_UNUSED_FUNCTION = YES;
				GCC_WARN_UNUSED_VARIABLE = YES;
				IPHONEOS_DEPLOYMENT_TARGET = 10.2;
				MTL_ENABLE_DEBUG_INFO = NO;
				SDKROOT = iphoneos;
				TARGETED_DEVICE_FAMILY = "1,2";
				VALIDATE_PRODUCT = YES;
			};
			name = Release;
		};
		625706FC1E13FE2500D71872 /* Debug */ = {
			isa = XCBuildConfiguration;
			buildSettings = {
				ASSETCATALOG_COMPILER_APPICON_NAME = AppIcon;
				DEVELOPMENT_TEAM = NA5G77P7FM;
				GCC_INCREASE_PRECOMPILED_HEADER_SHARING = NO;
				GCC_PRECOMPILE_PREFIX_HEADER = YES;
				GCC_PREFIX_HEADER = "$(SRCROOT)/Markdown/BYHeader.h";
				INFOPLIST_FILE = Markdown/Info.plist;
				LD_RUNPATH_SEARCH_PATHS = "$(inherited) @executable_path/Frameworks";
				PRODUCT_BUNDLE_IDENTIFIER = BYJ.Markdown;
				PRODUCT_NAME = "$(TARGET_NAME)";
			};
			name = Debug;
		};
		625706FD1E13FE2500D71872 /* Release */ = {
			isa = XCBuildConfiguration;
			buildSettings = {
				ASSETCATALOG_COMPILER_APPICON_NAME = AppIcon;
				DEVELOPMENT_TEAM = NA5G77P7FM;
				GCC_INCREASE_PRECOMPILED_HEADER_SHARING = NO;
				GCC_PRECOMPILE_PREFIX_HEADER = YES;
				GCC_PREFIX_HEADER = "$(SRCROOT)/Markdown/BYHeader.h";
				INFOPLIST_FILE = Markdown/Info.plist;
				LD_RUNPATH_SEARCH_PATHS = "$(inherited) @executable_path/Frameworks";
				PRODUCT_BUNDLE_IDENTIFIER = BYJ.Markdown;
				PRODUCT_NAME = "$(TARGET_NAME)";
			};
			name = Release;
		};
/* End XCBuildConfiguration section */

/* Begin XCConfigurationList section */
		625706DF1E13FE2400D71872 /* Build configuration list for PBXProject "Markdown" */ = {
			isa = XCConfigurationList;
			buildConfigurations = (
				625706F91E13FE2500D71872 /* Debug */,
				625706FA1E13FE2500D71872 /* Release */,
			);
			defaultConfigurationIsVisible = 0;
			defaultConfigurationName = Release;
		};
		625706FB1E13FE2500D71872 /* Build configuration list for PBXNativeTarget "Markdown" */ = {
			isa = XCConfigurationList;
			buildConfigurations = (
				625706FC1E13FE2500D71872 /* Debug */,
				625706FD1E13FE2500D71872 /* Release */,
			);
			defaultConfigurationIsVisible = 0;
		};
/* End XCConfigurationList section */
	};
	rootObject = 625706DC1E13FE2400D71872 /* Project object */;
}
