// !$*UTF8*$!
{
	archiveVersion = 1;
	classes = {
	};
	objectVersion = 46;
	objects = {

/* Begin PBXBuildFile section */
		625706E91E13FE2400D71872 /* main.m in Sources */ = {isa = PBXBuildFile; fileRef = 625706E81E13FE2400D71872 /* main.m */; };
		625706EC1E13FE2400D71872 /* AppDelegate.m in Sources */ = {isa = PBXBuildFile; fileRef = 625706EB1E13FE2400D71872 /* AppDelegate.m */; };
		625706EF1E13FE2400D71872 /* ViewController.m in Sources */ = {isa = PBXBuildFile; fileRef = 625706EE1E13FE2400D71872 /* ViewController.m */; };
		625706F21E13FE2500D71872 /* Main.storyboard in Resources */ = {isa = PBXBuildFile; fileRef = 625706F01E13FE2500D71872 /* Main.storyboard */; };
		625706F41E13FE2500D71872 /* Assets.xcassets in Resources */ = {isa = PBXBuildFile; fileRef = 625706F31E13FE2500D71872 /* Assets.xcassets */; };
		625706F71E13FE2500D71872 /* LaunchScreen.storyboard in Resources */ = {isa = PBXBuildFile; fileRef = 625706F51E13FE2500D71872 /* LaunchScreen.storyboard */; };
		625707591E140E6500D71872 /* BYMarkdownKeyboard.m in Sources */ = {isa = PBXBuildFile; fileRef = 625707491E140E6500D71872 /* BYMarkdownKeyboard.m */; };
		6257075A1E140E6500D71872 /* BYToolboardToolBar.m in Sources */ = {isa = PBXBuildFile; fileRef = 6257074B1E140E6500D71872 /* BYToolboardToolBar.m */; };
		6257075B1E140E6500D71872 /* bold.png in Resources */ = {isa = PBXBuildFile; fileRef = 6257074D1E140E6500D71872 /* bold.png */; };
		6257075C1E140E6500D71872 /* code.png in Resources */ = {isa = PBXBuildFile; fileRef = 6257074E1E140E6500D71872 /* code.png */; };
		6257075D1E140E6500D71872 /* help.png in Resources */ = {isa = PBXBuildFile; fileRef = 6257074F1E140E6500D71872 /* help.png */; };
		6257075E1E140E6500D71872 /* hr.png in Resources */ = {isa = PBXBuildFile; fileRef = 625707501E140E6500D71872 /* hr.png */; };
		6257075F1E140E6500D71872 /* img.png in Resources */ = {isa = PBXBuildFile; fileRef = 625707511E140E6500D71872 /* img.png */; };
		625707601E140E6500D71872 /* italic.png in Resources */ = {isa = PBXBuildFile; fileRef = 625707521E140E6500D71872 /* italic.png */; };
		625707611E140E6500D71872 /* link.png in Resources */ = {isa = PBXBuildFile; fileRef = 625707531E140E6500D71872 /* link.png */; };
		625707621E140E6500D71872 /* more.png in Resources */ = {isa = PBXBuildFile; fileRef = 625707541E140E6500D71872 /* more.png */; };
		625707631E140E6500D71872 /* ol.png in Resources */ = {isa = PBXBuildFile; fileRef = 625707551E140E6500D71872 /* ol.png */; };
		625707641E140E6500D71872 /* quote.png in Resources */ = {isa = PBXBuildFile; fileRef = 625707561E140E6500D71872 /* quote.png */; };
		625707651E140E6500D71872 /* title.png in Resources */ = {isa = PBXBuildFile; fileRef = 625707571E140E6500D71872 /* title.png */; };
		625707661E140E6500D71872 /* ul.png in Resources */ = {isa = PBXBuildFile; fileRef = 625707581E140E6500D71872 /* ul.png */; };
		6297503D1E1CBBC100C0528F /* markdown-black.css in Resources */ = {isa = PBXBuildFile; fileRef = 629750261E1CBBC100C0528F /* markdown-black.css */; };
		6297503E1E1CBBC100C0528F /* markdown-old.css in Resources */ = {isa = PBXBuildFile; fileRef = 629750271E1CBBC100C0528F /* markdown-old.css */; };
		6297503F1E1CBBC100C0528F /* markdown-white.css in Resources */ = {isa = PBXBuildFile; fileRef = 629750281E1CBBC100C0528F /* markdown-white.css */; };
		629750401E1CBBC100C0528F /* markdown.css in Resources */ = {isa = PBXBuildFile; fileRef = 629750291E1CBBC100C0528F /* markdown.css */; };
		629750411E1CBBC100C0528F /* MMDocument.m in Sources */ = {isa = PBXBuildFile; fileRef = 6297502B1E1CBBC100C0528F /* MMDocument.m */; };
		629750421E1CBBC100C0528F /* MMElement.m in Sources */ = {isa = PBXBuildFile; fileRef = 6297502E1E1CBBC100C0528F /* MMElement.m */; };
		629750431E1CBBC100C0528F /* MMGenerator.m in Sources */ = {isa = PBXBuildFile; fileRef = 629750301E1CBBC100C0528F /* MMGenerator.m */; };
		629750441E1CBBC100C0528F /* MMHTMLParser.m in Sources */ = {isa = PBXBuildFile; fileRef = 629750321E1CBBC100C0528F /* MMHTMLParser.m */; };
		629750451E1CBBC100C0528F /* MMMarkdown.m in Sources */ = {isa = PBXBuildFile; fileRef = 629750351E1CBBC100C0528F /* MMMarkdown.m */; };
		629750461E1CBBC100C0528F /* MMParser.m in Sources */ = {isa = PBXBuildFile; fileRef = 629750371E1CBBC100C0528F /* MMParser.m */; };
		629750471E1CBBC100C0528F /* MMScanner.m in Sources */ = {isa = PBXBuildFile; fileRef = 629750391E1CBBC100C0528F /* MMScanner.m */; };
		629750481E1CBBC100C0528F /* MMSpanParser.m in Sources */ = {isa = PBXBuildFile; fileRef = 6297503B1E1CBBC100C0528F /* MMSpanParser.m */; };
		6297504B1E1CBEBD00C0528F /* PreviewViewController.m in Sources */ = {isa = PBXBuildFile; fileRef = 6297504A1E1CBEBD00C0528F /* PreviewViewController.m */; };
		6297504F1E1CC19300C0528F /* Const.m in Sources */ = {isa = PBXBuildFile; fileRef = 6297504E1E1CC19300C0528F /* Const.m */; };
		629750521E1CC7DE00C0528F /* HelpViewController.m in Sources */ = {isa = PBXBuildFile; fileRef = 629750511E1CC7DE00C0528F /* HelpViewController.m */; };
		629750741E1CD2E600C0528F /* BHBBottomBar.m in Sources */ = {isa = PBXBuildFile; fileRef = 6297505B1E1CD2E600C0528F /* BHBBottomBar.m */; };
		629750751E1CD2E600C0528F /* BHBCenterView.m in Sources */ = {isa = PBXBuildFile; fileRef = 6297505D1E1CD2E600C0528F /* BHBCenterView.m */; };
		629750761E1CD2E600C0528F /* BHBCustomBtn.m in Sources */ = {isa = PBXBuildFile; fileRef = 6297505F1E1CD2E600C0528F /* BHBCustomBtn.m */; };
		629750771E1CD2E600C0528F /* BHBGroup.m in Sources */ = {isa = PBXBuildFile; fileRef = 629750611E1CD2E600C0528F /* BHBGroup.m */; };
		629750781E1CD2E600C0528F /* BHBItem.m in Sources */ = {isa = PBXBuildFile; fileRef = 629750631E1CD2E600C0528F /* BHBItem.m */; };
		629750791E1CD2E600C0528F /* BHBPlaySoundTool.m in Sources */ = {isa = PBXBuildFile; fileRef = 629750651E1CD2E600C0528F /* BHBPlaySoundTool.m */; };
		6297507A1E1CD2E600C0528F /* BHBPopView.m in Sources */ = {isa = PBXBuildFile; fileRef = 629750671E1CD2E600C0528F /* BHBPopView.m */; };
		6297507B1E1CD2E600C0528F /* images.bundle in Resources */ = {isa = PBXBuildFile; fileRef = 6297506A1E1CD2E600C0528F /* images.bundle */; };
		6297507C1E1CD2E600C0528F /* music.bundle in Resources */ = {isa = PBXBuildFile; fileRef = 6297506B1E1CD2E600C0528F /* music.bundle */; };
		6297507D1E1CD2E600C0528F /* UIButton+BHBSetImage.m in Sources */ = {isa = PBXBuildFile; fileRef = 6297506D1E1CD2E600C0528F /* UIButton+BHBSetImage.m */; };
		6297507E1E1CD2E600C0528F /* UIImage+BHBEffects.m in Sources */ = {isa = PBXBuildFile; fileRef = 6297506F1E1CD2E600C0528F /* UIImage+BHBEffects.m */; };
		6297507F1E1CD2E600C0528F /* UIImageView+BHBSetImage.m in Sources */ = {isa = PBXBuildFile; fileRef = 629750711E1CD2E600C0528F /* UIImageView+BHBSetImage.m */; };
		629750801E1CD2E600C0528F /* UIView+BHBAnimation.m in Sources */ = {isa = PBXBuildFile; fileRef = 629750731E1CD2E600C0528F /* UIView+BHBAnimation.m */; };
/* End PBXBuildFile section */

/* Begin PBXFileReference section */
		625706E41E13FE2400D71872 /* Markdown.app */ = {isa = PBXFileReference; explicitFileType = wrapper.application; includeInIndex = 0; path = Markdown.app; sourceTree = BUILT_PRODUCTS_DIR; };
		625706E81E13FE2400D71872 /* main.m */ = {isa = PBXFileReference; lastKnownFileType = sourcecode.c.objc; path = main.m; sourceTree = "<group>"; };
		625706EA1E13FE2400D71872 /* AppDelegate.h */ = {isa = PBXFileReference; lastKnownFileType = sourcecode.c.h; path = AppDelegate.h; sourceTree = "<group>"; };
		625706EB1E13FE2400D71872 /* AppDelegate.m */ = {isa = PBXFileReference; lastKnownFileType = sourcecode.c.objc; path = AppDelegate.m; sourceTree = "<group>"; };
		625706ED1E13FE2400D71872 /* ViewController.h */ = {isa = PBXFileReference; lastKnownFileType = sourcecode.c.h; path = ViewController.h; sourceTree = "<group>"; };
		625706EE1E13FE2400D71872 /* ViewController.m */ = {isa = PBXFileReference; lastKnownFileType = sourcecode.c.objc; path = ViewController.m; sourceTree = "<group>"; };
		625706F11E13FE2500D71872 /* Base */ = {isa = PBXFileReference; lastKnownFileType = file.storyboard; name = Base; path = Base.lproj/Main.storyboard; sourceTree = "<group>"; };
		625706F31E13FE2500D71872 /* Assets.xcassets */ = {isa = PBXFileReference; lastKnownFileType = folder.assetcatalog; path = Assets.xcassets; sourceTree = "<group>"; };
		625706F61E13FE2500D71872 /* Base */ = {isa = PBXFileReference; lastKnownFileType = file.storyboard; name = Base; path = Base.lproj/LaunchScreen.storyboard; sourceTree = "<group>"; };
		625706F81E13FE2500D71872 /* Info.plist */ = {isa = PBXFileReference; lastKnownFileType = text.plist.xml; path = Info.plist; sourceTree = "<group>"; };
		625707261E14014400D71872 /* BYHeader.h */ = {isa = PBXFileReference; lastKnownFileType = sourcecode.c.h; path = BYHeader.h; sourceTree = "<group>"; };
		625707481E140E6500D71872 /* BYMarkdownKeyboard.h */ = {isa = PBXFileReference; fileEncoding = 4; lastKnownFileType = sourcecode.c.h; path = BYMarkdownKeyboard.h; sourceTree = "<group>"; };
		625707491E140E6500D71872 /* BYMarkdownKeyboard.m */ = {isa = PBXFileReference; fileEncoding = 4; lastKnownFileType = sourcecode.c.objc; path = BYMarkdownKeyboard.m; sourceTree = "<group>"; };
		6257074A1E140E6500D71872 /* BYToolboardToolBar.h */ = {isa = PBXFileReference; fileEncoding = 4; lastKnownFileType = sourcecode.c.h; path = BYToolboardToolBar.h; sourceTree = "<group>"; };
		6257074B1E140E6500D71872 /* BYToolboardToolBar.m */ = {isa = PBXFileReference; fileEncoding = 4; lastKnownFileType = sourcecode.c.objc; path = BYToolboardToolBar.m; sourceTree = "<group>"; };
		6257074D1E140E6500D71872 /* bold.png */ = {isa = PBXFileReference; lastKnownFileType = image.png; path = bold.png; sourceTree = "<group>"; };
		6257074E1E140E6500D71872 /* code.png */ = {isa = PBXFileReference; lastKnownFileType = image.png; path = code.png; sourceTree = "<group>"; };
		6257074F1E140E6500D71872 /* help.png */ = {isa = PBXFileReference; lastKnownFileType = image.png; path = help.png; sourceTree = "<group>"; };
		625707501E140E6500D71872 /* hr.png */ = {isa = PBXFileReference; lastKnownFileType = image.png; path = hr.png; sourceTree = "<group>"; };
		625707511E140E6500D71872 /* img.png */ = {isa = PBXFileReference; lastKnownFileType = image.png; path = img.png; sourceTree = "<group>"; };
		625707521E140E6500D71872 /* italic.png */ = {isa = PBXFileReference; lastKnownFileType = image.png; path = italic.png; sourceTree = "<group>"; };
		625707531E140E6500D71872 /* link.png */ = {isa = PBXFileReference; lastKnownFileType = image.png; path = link.png; sourceTree = "<group>"; };
		625707541E140E6500D71872 /* more.png */ = {isa = PBXFileReference; lastKnownFileType = image.png; path = more.png; sourceTree = "<group>"; };
		625707551E140E6500D71872 /* ol.png */ = {isa = PBXFileReference; lastKnownFileType = image.png; path = ol.png; sourceTree = "<group>"; };
		625707561E140E6500D71872 /* quote.png */ = {isa = PBXFileReference; lastKnownFileType = image.png; path = quote.png; sourceTree = "<group>"; };
		625707571E140E6500D71872 /* title.png */ = {isa = PBXFileReference; lastKnownFileType = image.png; path = title.png; sourceTree = "<group>"; };
		625707581E140E6500D71872 /* ul.png */ = {isa = PBXFileReference; lastKnownFileType = image.png; path = ul.png; sourceTree = "<group>"; };
		629750261E1CBBC100C0528F /* markdown-black.css */ = {isa = PBXFileReference; fileEncoding = 4; lastKnownFileType = text.css; path = "markdown-black.css"; sourceTree = "<group>"; };
		629750271E1CBBC100C0528F /* markdown-old.css */ = {isa = PBXFileReference; fileEncoding = 4; lastKnownFileType = text.css; path = "markdown-old.css"; sourceTree = "<group>"; };
		629750281E1CBBC100C0528F /* markdown-white.css */ = {isa = PBXFileReference; fileEncoding = 4; lastKnownFileType = text.css; path = "markdown-white.css"; sourceTree = "<group>"; };
		629750291E1CBBC100C0528F /* markdown.css */ = {isa = PBXFileReference; fileEncoding = 4; lastKnownFileType = text.css; path = markdown.css; sourceTree = "<group>"; };
		6297502A1E1CBBC100C0528F /* MMDocument.h */ = {isa = PBXFileReference; fileEncoding = 4; lastKnownFileType = sourcecode.c.h; path = MMDocument.h; sourceTree = "<group>"; };
		6297502B1E1CBBC100C0528F /* MMDocument.m */ = {isa = PBXFileReference; fileEncoding = 4; lastKnownFileType = sourcecode.c.objc; path = MMDocument.m; sourceTree = "<group>"; };
		6297502C1E1CBBC100C0528F /* MMDocument_Private.h */ = {isa = PBXFileReference; fileEncoding = 4; lastKnownFileType = sourcecode.c.h; path = MMDocument_Private.h; sourceTree = "<group>"; };
		6297502D1E1CBBC100C0528F /* MMElement.h */ = {isa = PBXFileReference; fileEncoding = 4; lastKnownFileType = sourcecode.c.h; path = MMElement.h; sourceTree = "<group>"; };
		6297502E1E1CBBC100C0528F /* MMElement.m */ = {isa = PBXFileReference; fileEncoding = 4; lastKnownFileType = sourcecode.c.objc; path = MMElement.m; sourceTree = "<group>"; };
		6297502F1E1CBBC100C0528F /* MMGenerator.h */ = {isa = PBXFileReference; fileEncoding = 4; lastKnownFileType = sourcecode.c.h; path = MMGenerator.h; sourceTree = "<group>"; };
		629750301E1CBBC100C0528F /* MMGenerator.m */ = {isa = PBXFileReference; fileEncoding = 4; lastKnownFileType = sourcecode.c.objc; path = MMGenerator.m; sourceTree = "<group>"; };
		629750311E1CBBC100C0528F /* MMHTMLParser.h */ = {isa = PBXFileReference; fileEncoding = 4; lastKnownFileType = sourcecode.c.h; path = MMHTMLParser.h; sourceTree = "<group>"; };
		629750321E1CBBC100C0528F /* MMHTMLParser.m */ = {isa = PBXFileReference; fileEncoding = 4; lastKnownFileType = sourcecode.c.objc; path = MMHTMLParser.m; sourceTree = "<group>"; };
		629750331E1CBBC100C0528F /* MMMarkdown-Prefix.pch */ = {isa = PBXFileReference; fileEncoding = 4; lastKnownFileType = sourcecode.c.h; path = "MMMarkdown-Prefix.pch"; sourceTree = "<group>"; };
		629750341E1CBBC100C0528F /* MMMarkdown.h */ = {isa = PBXFileReference; fileEncoding = 4; lastKnownFileType = sourcecode.c.h; path = MMMarkdown.h; sourceTree = "<group>"; };
		629750351E1CBBC100C0528F /* MMMarkdown.m */ = {isa = PBXFileReference; fileEncoding = 4; lastKnownFileType = sourcecode.c.objc; path = MMMarkdown.m; sourceTree = "<group>"; };
		629750361E1CBBC100C0528F /* MMParser.h */ = {isa = PBXFileReference; fileEncoding = 4; lastKnownFileType = sourcecode.c.h; path = MMParser.h; sourceTree = "<group>"; };
		629750371E1CBBC100C0528F /* MMParser.m */ = {isa = PBXFileReference; fileEncoding = 4; lastKnownFileType = sourcecode.c.objc; path = MMParser.m; sourceTree = "<group>"; };
		629750381E1CBBC100C0528F /* MMScanner.h */ = {isa = PBXFileReference; fileEncoding = 4; lastKnownFileType = sourcecode.c.h; path = MMScanner.h; sourceTree = "<group>"; };
		629750391E1CBBC100C0528F /* MMScanner.m */ = {isa = PBXFileReference; fileEncoding = 4; lastKnownFileType = sourcecode.c.objc; path = MMScanner.m; sourceTree = "<group>"; };
		6297503A1E1CBBC100C0528F /* MMSpanParser.h */ = {isa = PBXFileReference; fileEncoding = 4; lastKnownFileType = sourcecode.c.h; path = MMSpanParser.h; sourceTree = "<group>"; };
		6297503B1E1CBBC100C0528F /* MMSpanParser.m */ = {isa = PBXFileReference; fileEncoding = 4; lastKnownFileType = sourcecode.c.objc; path = MMSpanParser.m; sourceTree = "<group>"; };
		629750491E1CBEBD00C0528F /* PreviewViewController.h */ = {isa = PBXFileReference; fileEncoding = 4; lastKnownFileType = sourcecode.c.h; path = PreviewViewController.h; sourceTree = "<group>"; };
		6297504A1E1CBEBD00C0528F /* PreviewViewController.m */ = {isa = PBXFileReference; fileEncoding = 4; lastKnownFileType = sourcecode.c.objc; path = PreviewViewController.m; sourceTree = "<group>"; };
		6297504D1E1CC19300C0528F /* Const.h */ = {isa = PBXFileReference; fileEncoding = 4; lastKnownFileType = sourcecode.c.h; path = Const.h; sourceTree = "<group>"; };
		6297504E1E1CC19300C0528F /* Const.m */ = {isa = PBXFileReference; fileEncoding = 4; lastKnownFileType = sourcecode.c.objc; path = Const.m; sourceTree = "<group>"; };
		629750501E1CC7DE00C0528F /* HelpViewController.h */ = {isa = PBXFileReference; fileEncoding = 4; lastKnownFileType = sourcecode.c.h; path = HelpViewController.h; sourceTree = "<group>"; };
		629750511E1CC7DE00C0528F /* HelpViewController.m */ = {isa = PBXFileReference; fileEncoding = 4; lastKnownFileType = sourcecode.c.objc; path = HelpViewController.m; sourceTree = "<group>"; };
		6297505A1E1CD2E600C0528F /* BHBBottomBar.h */ = {isa = PBXFileReference; fileEncoding = 4; lastKnownFileType = sourcecode.c.h; path = BHBBottomBar.h; sourceTree = "<group>"; };
		6297505B1E1CD2E600C0528F /* BHBBottomBar.m */ = {isa = PBXFileReference; fileEncoding = 4; lastKnownFileType = sourcecode.c.objc; path = BHBBottomBar.m; sourceTree = "<group>"; };
		6297505C1E1CD2E600C0528F /* BHBCenterView.h */ = {isa = PBXFileReference; fileEncoding = 4; lastKnownFileType = sourcecode.c.h; path = BHBCenterView.h; sourceTree = "<group>"; };
		6297505D1E1CD2E600C0528F /* BHBCenterView.m */ = {isa = PBXFileReference; fileEncoding = 4; lastKnownFileType = sourcecode.c.objc; path = BHBCenterView.m; sourceTree = "<group>"; };
		6297505E1E1CD2E600C0528F /* BHBCustomBtn.h */ = {isa = PBXFileReference; fileEncoding = 4; lastKnownFileType = sourcecode.c.h; path = BHBCustomBtn.h; sourceTree = "<group>"; };
		6297505F1E1CD2E600C0528F /* BHBCustomBtn.m */ = {isa = PBXFileReference; fileEncoding = 4; lastKnownFileType = sourcecode.c.objc; path = BHBCustomBtn.m; sourceTree = "<group>"; };
		629750601E1CD2E600C0528F /* BHBGroup.h */ = {isa = PBXFileReference; fileEncoding = 4; lastKnownFileType = sourcecode.c.h; path = BHBGroup.h; sourceTree = "<group>"; };
		629750611E1CD2E600C0528F /* BHBGroup.m */ = {isa = PBXFileReference; fileEncoding = 4; lastKnownFileType = sourcecode.c.objc; path = BHBGroup.m; sourceTree = "<group>"; };
		629750621E1CD2E600C0528F /* BHBItem.h */ = {isa = PBXFileReference; fileEncoding = 4; lastKnownFileType = sourcecode.c.h; path = BHBItem.h; sourceTree = "<group>"; };
		629750631E1CD2E600C0528F /* BHBItem.m */ = {isa = PBXFileReference; fileEncoding = 4; lastKnownFileType = sourcecode.c.objc; path = BHBItem.m; sourceTree = "<group>"; };
		629750641E1CD2E600C0528F /* BHBPlaySoundTool.h */ = {isa = PBXFileReference; fileEncoding = 4; lastKnownFileType = sourcecode.c.h; path = BHBPlaySoundTool.h; sourceTree = "<group>"; };
		629750651E1CD2E600C0528F /* BHBPlaySoundTool.m */ = {isa = PBXFileReference; fileEncoding = 4; lastKnownFileType = sourcecode.c.objc; path = BHBPlaySoundTool.m; sourceTree = "<group>"; };
		629750661E1CD2E600C0528F /* BHBPopView.h */ = {isa = PBXFileReference; fileEncoding = 4; lastKnownFileType = sourcecode.c.h; path = BHBPopView.h; sourceTree = "<group>"; };
		629750671E1CD2E600C0528F /* BHBPopView.m */ = {isa = PBXFileReference; fileEncoding = 4; lastKnownFileType = sourcecode.c.objc; path = BHBPopView.m; sourceTree = "<group>"; };
		629750681E1CD2E600C0528F /* BHBSingleton.h */ = {isa = PBXFileReference; fileEncoding = 4; lastKnownFileType = sourcecode.c.h; path = BHBSingleton.h; sourceTree = "<group>"; };
		6297506A1E1CD2E600C0528F /* images.bundle */ = {isa = PBXFileReference; lastKnownFileType = "wrapper.plug-in"; path = images.bundle; sourceTree = "<group>"; };
		6297506B1E1CD2E600C0528F /* music.bundle */ = {isa = PBXFileReference; lastKnownFileType = "wrapper.plug-in"; path = music.bundle; sourceTree = "<group>"; };
		6297506C1E1CD2E600C0528F /* UIButton+BHBSetImage.h */ = {isa = PBXFileReference; fileEncoding = 4; lastKnownFileType = sourcecode.c.h; path = "UIButton+BHBSetImage.h"; sourceTree = "<group>"; };
		6297506D1E1CD2E600C0528F /* UIButton+BHBSetImage.m */ = {isa = PBXFileReference; fileEncoding = 4; lastKnownFileType = sourcecode.c.objc; path = "UIButton+BHBSetImage.m"; sourceTree = "<group>"; };
		6297506E1E1CD2E600C0528F /* UIImage+BHBEffects.h */ = {isa = PBXFileReference; fileEncoding = 4; lastKnownFileType = sourcecode.c.h; path = "UIImage+BHBEffects.h"; sourceTree = "<group>"; };
		6297506F1E1CD2E600C0528F /* UIImage+BHBEffects.m */ = {isa = PBXFileReference; fileEncoding = 4; lastKnownFileType = sourcecode.c.objc; path = "UIImage+BHBEffects.m"; sourceTree = "<group>"; };
		629750701E1CD2E600C0528F /* UIImageView+BHBSetImage.h */ = {isa = PBXFileReference; fileEncoding = 4; lastKnownFileType = sourcecode.c.h; path = "UIImageView+BHBSetImage.h"; sourceTree = "<group>"; };
		629750711E1CD2E600C0528F /* UIImageView+BHBSetImage.m */ = {isa = PBXFileReference; fileEncoding = 4; lastKnownFileType = sourcecode.c.objc; path = "UIImageView+BHBSetImage.m"; sourceTree = "<group>"; };
		629750721E1CD2E600C0528F /* UIView+BHBAnimation.h */ = {isa = PBXFileReference; fileEncoding = 4; lastKnownFileType = sourcecode.c.h; path = "UIView+BHBAnimation.h"; sourceTree = "<group>"; };
		629750731E1CD2E600C0528F /* UIView+BHBAnimation.m */ = {isa = PBXFileReference; fileEncoding = 4; lastKnownFileType = sourcecode.c.objc; path = "UIView+BHBAnimation.m"; sourceTree = "<group>"; };
/* End PBXFileReference section */

/* Begin PBXFrameworksBuildPhase section */
		625706E11E13FE2400D71872 /* Frameworks */ = {
			isa = PBXFrameworksBuildPhase;
			buildActionMask = 2147483647;
			files = (
			);
			runOnlyForDeploymentPostprocessing = 0;
		};
/* End PBXFrameworksBuildPhase section */

/* Begin PBXGroup section */
		625706DB1E13FE2400D71872 = {
			isa = PBXGroup;
			children = (
				625706E61E13FE2400D71872 /* Markdown */,
				625706E51E13FE2400D71872 /* Products */,
			);
			sourceTree = "<group>";
		};
		625706E51E13FE2400D71872 /* Products */ = {
			isa = PBXGroup;
			children = (
				625706E41E13FE2400D71872 /* Markdown.app */,
			);
			name = Products;
			sourceTree = "<group>";
		};
		625706E61E13FE2400D71872 /* Markdown */ = {
			isa = PBXGroup;
			children = (
				629750591E1CD2E600C0528F /* BHBPopView */,
				6297504C1E1CC17A00C0528F /* Tools */,
				629750241E1CBBC100C0528F /* MMMarkdown */,
				625707471E140E6500D71872 /* BYMarkdownKeyboard */,
				625706EA1E13FE2400D71872 /* AppDelegate.h */,
				625706EB1E13FE2400D71872 /* AppDelegate.m */,
				625706ED1E13FE2400D71872 /* ViewController.h */,
				625706EE1E13FE2400D71872 /* ViewController.m */,
				629750491E1CBEBD00C0528F /* PreviewViewController.h */,
				6297504A1E1CBEBD00C0528F /* PreviewViewController.m */,
				629750501E1CC7DE00C0528F /* HelpViewController.h */,
				629750511E1CC7DE00C0528F /* HelpViewController.m */,
				625706E71E13FE2400D71872 /* Supporting Files */,
			);
			path = Markdown;
			sourceTree = "<group>";
		};
		625706E71E13FE2400D71872 /* Supporting Files */ = {
			isa = PBXGroup;
			children = (
				625706F01E13FE2500D71872 /* Main.storyboard */,
				625706F31E13FE2500D71872 /* Assets.xcassets */,
				625706F51E13FE2500D71872 /* LaunchScreen.storyboard */,
				625706F81E13FE2500D71872 /* Info.plist */,
				625706E81E13FE2400D71872 /* main.m */,
				625707261E14014400D71872 /* BYHeader.h */,
			);
			name = "Supporting Files";
			sourceTree = "<group>";
		};
		625707471E140E6500D71872 /* BYMarkdownKeyboard */ = {
			isa = PBXGroup;
			children = (
				625707481E140E6500D71872 /* BYMarkdownKeyboard.h */,
				625707491E140E6500D71872 /* BYMarkdownKeyboard.m */,
				6257074A1E140E6500D71872 /* BYToolboardToolBar.h */,
				6257074B1E140E6500D71872 /* BYToolboardToolBar.m */,
				6257074C1E140E6500D71872 /* Resources */,
			);
			path = BYMarkdownKeyboard;
			sourceTree = "<group>";
		};
		6257074C1E140E6500D71872 /* Resources */ = {
			isa = PBXGroup;
			children = (
				6257074D1E140E6500D71872 /* bold.png */,
				6257074E1E140E6500D71872 /* code.png */,
				6257074F1E140E6500D71872 /* help.png */,
				625707501E140E6500D71872 /* hr.png */,
				625707511E140E6500D71872 /* img.png */,
				625707521E140E6500D71872 /* italic.png */,
				625707531E140E6500D71872 /* link.png */,
				625707541E140E6500D71872 /* more.png */,
				625707551E140E6500D71872 /* ol.png */,
				625707561E140E6500D71872 /* quote.png */,
				625707571E140E6500D71872 /* title.png */,
				625707581E140E6500D71872 /* ul.png */,
			);
			path = Resources;
			sourceTree = "<group>";
		};
		629750241E1CBBC100C0528F /* MMMarkdown */ = {
			isa = PBXGroup;
			children = (
				629750261E1CBBC100C0528F /* markdown-black.css */,
				629750271E1CBBC100C0528F /* markdown-old.css */,
				629750281E1CBBC100C0528F /* markdown-white.css */,
				629750291E1CBBC100C0528F /* markdown.css */,
				6297502A1E1CBBC100C0528F /* MMDocument.h */,
				6297502B1E1CBBC100C0528F /* MMDocument.m */,
				6297502C1E1CBBC100C0528F /* MMDocument_Private.h */,
				6297502D1E1CBBC100C0528F /* MMElement.h */,
				6297502E1E1CBBC100C0528F /* MMElement.m */,
				6297502F1E1CBBC100C0528F /* MMGenerator.h */,
				629750301E1CBBC100C0528F /* MMGenerator.m */,
				629750311E1CBBC100C0528F /* MMHTMLParser.h */,
				629750321E1CBBC100C0528F /* MMHTMLParser.m */,
				629750331E1CBBC100C0528F /* MMMarkdown-Prefix.pch */,
				629750341E1CBBC100C0528F /* MMMarkdown.h */,
				629750351E1CBBC100C0528F /* MMMarkdown.m */,
				629750361E1CBBC100C0528F /* MMParser.h */,
				629750371E1CBBC100C0528F /* MMParser.m */,
				629750381E1CBBC100C0528F /* MMScanner.h */,
				629750391E1CBBC100C0528F /* MMScanner.m */,
				6297503A1E1CBBC100C0528F /* MMSpanParser.h */,
				6297503B1E1CBBC100C0528F /* MMSpanParser.m */,
			);
			path = MMMarkdown;
			sourceTree = "<group>";
		};
		6297504C1E1CC17A00C0528F /* Tools */ = {
			isa = PBXGroup;
			children = (
				6297504D1E1CC19300C0528F /* Const.h */,
				6297504E1E1CC19300C0528F /* Const.m */,
			);
			path = Tools;
			sourceTree = "<group>";
		};
		629750591E1CD2E600C0528F /* BHBPopView */ = {
			isa = PBXGroup;
			children = (
				6297505A1E1CD2E600C0528F /* BHBBottomBar.h */,
				6297505B1E1CD2E600C0528F /* BHBBottomBar.m */,
				6297505C1E1CD2E600C0528F /* BHBCenterView.h */,
				6297505D1E1CD2E600C0528F /* BHBCenterView.m */,
				6297505E1E1CD2E600C0528F /* BHBCustomBtn.h */,
				6297505F1E1CD2E600C0528F /* BHBCustomBtn.m */,
				629750601E1CD2E600C0528F /* BHBGroup.h */,
				629750611E1CD2E600C0528F /* BHBGroup.m */,
				629750621E1CD2E600C0528F /* BHBItem.h */,
				629750631E1CD2E600C0528F /* BHBItem.m */,
				629750641E1CD2E600C0528F /* BHBPlaySoundTool.h */,
				629750651E1CD2E600C0528F /* BHBPlaySoundTool.m */,
				629750661E1CD2E600C0528F /* BHBPopView.h */,
				629750671E1CD2E600C0528F /* BHBPopView.m */,
				629750681E1CD2E600C0528F /* BHBSingleton.h */,
				629750691E1CD2E600C0528F /* Resource */,
				6297506C1E1CD2E600C0528F /* UIButton+BHBSetImage.h */,
				6297506D1E1CD2E600C0528F /* UIButton+BHBSetImage.m */,
				6297506E1E1CD2E600C0528F /* UIImage+BHBEffects.h */,
				6297506F1E1CD2E600C0528F /* UIImage+BHBEffects.m */,
				629750701E1CD2E600C0528F /* UIImageView+BHBSetImage.h */,
				629750711E1CD2E600C0528F /* UIImageView+BHBSetImage.m */,
				629750721E1CD2E600C0528F /* UIView+BHBAnimation.h */,
				629750731E1CD2E600C0528F /* UIView+BHBAnimation.m */,
			);
			path = BHBPopView;
			sourceTree = "<group>";
		};
		629750691E1CD2E600C0528F /* Resource */ = {
			isa = PBXGroup;
			children = (
				6297506A1E1CD2E600C0528F /* images.bundle */,
				6297506B1E1CD2E600C0528F /* music.bundle */,
			);
			path = Resource;
			sourceTree = "<group>";
		};
/* End PBXGroup section */

/* Begin PBXNativeTarget section */
		625706E31E13FE2400D71872 /* Markdown */ = {
			isa = PBXNativeTarget;
			buildConfigurationList = 625706FB1E13FE2500D71872 /* Build configuration list for PBXNativeTarget "Markdown" */;
			buildPhases = (
				625706E01E13FE2400D71872 /* Sources */,
				625706E11E13FE2400D71872 /* Frameworks */,
				625706E21E13FE2400D71872 /* Resources */,
			);
			buildRules = (
			);
			dependencies = (
			);
			name = Markdown;
			productName = Markdown;
			productReference = 625706E41E13FE2400D71872 /* Markdown.app */;
			productType = "com.apple.product-type.application";
		};
/* End PBXNativeTarget section */

/* Begin PBXProject section */
		625706DC1E13FE2400D71872 /* Project object */ = {
			isa = PBXProject;
			attributes = {
				LastUpgradeCheck = 0820;
				ORGANIZATIONNAME = "白云杰";
				TargetAttributes = {
					625706E31E13FE2400D71872 = {
						CreatedOnToolsVersion = 8.2;
						DevelopmentTeam = NA5G77P7FM;
						ProvisioningStyle = Automatic;
					};
				};
			};
			buildConfigurationList = 625706DF1E13FE2400D71872 /* Build configuration list for PBXProject "Markdown" */;
			compatibilityVersion = "Xcode 3.2";
			developmentRegion = English;
			hasScannedForEncodings = 0;
			knownRegions = (
				en,
				Base,
			);
			mainGroup = 625706DB1E13FE2400D71872;
			productRefGroup = 625706E51E13FE2400D71872 /* Products */;
			projectDirPath = "";
			projectRoot = "";
			targets = (
				625706E31E13FE2400D71872 /* Markdown */,
			);
		};
/* End PBXProject section */

/* Begin PBXResourcesBuildPhase section */
		625706E21E13FE2400D71872 /* Resources */ = {
			isa = PBXResourcesBuildPhase;
			buildActionMask = 2147483647;
			files = (
				6297503E1E1CBBC100C0528F /* markdown-old.css in Resources */,
				6297503F1E1CBBC100C0528F /* markdown-white.css in Resources */,
				6257075E1E140E6500D71872 /* hr.png in Resources */,
				6297507B1E1CD2E600C0528F /* images.bundle in Resources */,
				625707611E140E6500D71872 /* link.png in Resources */,
				625707651E140E6500D71872 /* title.png in Resources */,
				6257075B1E140E6500D71872 /* bold.png in Resources */,
				6257075C1E140E6500D71872 /* code.png in Resources */,
				625707631E140E6500D71872 /* ol.png in Resources */,
				6257075D1E140E6500D71872 /* help.png in Resources */,
				625706F71E13FE2500D71872 /* LaunchScreen.storyboard in Resources */,
				625707621E140E6500D71872 /* more.png in Resources */,
				625707601E140E6500D71872 /* italic.png in Resources */,
				625707661E140E6500D71872 /* ul.png in Resources */,
				629750401E1CBBC100C0528F /* markdown.css in Resources */,
				625706F41E13FE2500D71872 /* Assets.xcassets in Resources */,
				625706F21E13FE2500D71872 /* Main.storyboard in Resources */,
				6257075F1E140E6500D71872 /* img.png in Resources */,
				6297507C1E1CD2E600C0528F /* music.bundle in Resources */,
				6297503D1E1CBBC100C0528F /* markdown-black.css in Resources */,
				625707641E140E6500D71872 /* quote.png in Resources */,
			);
			runOnlyForDeploymentPostprocessing = 0;
		};
/* End PBXResourcesBuildPhase section */

/* Begin PBXSourcesBuildPhase section */
		625706E01E13FE2400D71872 /* Sources */ = {
			isa = PBXSourcesBuildPhase;
			buildActionMask = 2147483647;
			files = (
				6297504F1E1CC19300C0528F /* Const.m in Sources */,
				6297507D1E1CD2E600C0528F /* UIButton+BHBSetImage.m in Sources */,
				629750461E1CBBC100C0528F /* MMParser.m in Sources */,
				625706EF1E13FE2400D71872 /* ViewController.m in Sources */,
				6297507F1E1CD2E600C0528F /* UIImageView+BHBSetImage.m in Sources */,
				629750481E1CBBC100C0528F /* MMSpanParser.m in Sources */,
				629750471E1CBBC100C0528F /* MMScanner.m in Sources */,
				629750761E1CD2E600C0528F /* BHBCustomBtn.m in Sources */,
				629750441E1CBBC100C0528F /* MMHTMLParser.m in Sources */,
				629750431E1CBBC100C0528F /* MMGenerator.m in Sources */,
				629750521E1CC7DE00C0528F /* HelpViewController.m in Sources */,
				629750421E1CBBC100C0528F /* MMElement.m in Sources */,
				629750741E1CD2E600C0528F /* BHBBottomBar.m in Sources */,
				6297507E1E1CD2E600C0528F /* UIImage+BHBEffects.m in Sources */,
				629750451E1CBBC100C0528F /* MMMarkdown.m in Sources */,
				625706EC1E13FE2400D71872 /* AppDelegate.m in Sources */,
				629750411E1CBBC100C0528F /* MMDocument.m in Sources */,
				629750781E1CD2E600C0528F /* BHBItem.m in Sources */,
				629750771E1CD2E600C0528F /* BHBGroup.m in Sources */,
				6257075A1E140E6500D71872 /* BYToolboardToolBar.m in Sources */,
				6297504B1E1CBEBD00C0528F /* PreviewViewController.m in Sources */,
				629750801E1CD2E600C0528F /* UIView+BHBAnimation.m in Sources */,
				629750791E1CD2E600C0528F /* BHBPlaySoundTool.m in Sources */,
				625707591E140E6500D71872 /* BYMarkdownKeyboard.m in Sources */,
				6297507A1E1CD2E600C0528F /* BHBPopView.m in Sources */,
				629750751E1CD2E600C0528F /* BHBCenterView.m in Sources */,
				625706E91E13FE2400D71872 /* main.m in Sources */,
			);
			runOnlyForDeploymentPostprocessing = 0;
		};
/* End PBXSourcesBuildPhase section */

/* Begin PBXVariantGroup section */
		625706F01E13FE2500D71872 /* Main.storyboard */ = {
			isa = PBXVariantGroup;
			children = (
				625706F11E13FE2500D71872 /* Base */,
			);
			name = Main.storyboard;
			sourceTree = "<group>";
		};
		625706F51E13FE2500D71872 /* LaunchScreen.storyboard */ = {
			isa = PBXVariantGroup;
			children = (
				625706F61E13FE2500D71872 /* Base */,
			);
			name = LaunchScreen.storyboard;
			sourceTree = "<group>";
		};
/* End PBXVariantGroup section */

/* Begin XCBuildConfiguration section */
		625706F91E13FE2500D71872 /* Debug */ = {
			isa = XCBuildConfiguration;
			buildSettings = {
				ALWAYS_SEARCH_USER_PATHS = NO;
				CLANG_ANALYZER_NONNULL = YES;
				CLANG_CXX_LANGUAGE_STANDARD = "gnu++0x";
				CLANG_CXX_LIBRARY = "libc++";
				CLANG_ENABLE_MODULES = YES;
				CLANG_ENABLE_OBJC_ARC = YES;
				CLANG_WARN_BOOL_CONVERSION = YES;
				CLANG_WARN_CONSTANT_CONVERSION = YES;
				CLANG_WARN_DIRECT_OBJC_ISA_USAGE = YES_ERROR;
				CLANG_WARN_DOCUMENTATION_COMMENTS = YES;
				CLANG_WARN_EMPTY_BODY = YES;
				CLANG_WARN_ENUM_CONVERSION = YES;
				CLANG_WARN_INFINITE_RECURSION = YES;
				CLANG_WARN_INT_CONVERSION = YES;
				CLANG_WARN_OBJC_ROOT_CLASS = YES_ERROR;
				CLANG_WARN_SUSPICIOUS_MOVE = YES;
				CLANG_WARN_UNREACHABLE_CODE = YES;
				CLANG_WARN__DUPLICATE_METHOD_MATCH = YES;
				"CODE_SIGN_IDENTITY[sdk=iphoneos*]" = "iPhone Developer";
				COPY_PHASE_STRIP = NO;
				DEBUG_INFORMATION_FORMAT = dwarf;
				ENABLE_STRICT_OBJC_MSGSEND = YES;
				ENABLE_TESTABILITY = YES;
				GCC_C_LANGUAGE_STANDARD = gnu99;
				GCC_DYNAMIC_NO_PIC = NO;
				GCC_NO_COMMON_BLOCKS = YES;
				GCC_OPTIMIZATION_LEVEL = 0;
				GCC_PREPROCESSOR_DEFINITIONS = (
					"DEBUG=1",
					"$(inherited)",
				);
				GCC_WARN_64_TO_32_BIT_CONVERSION = YES;
				GCC_WARN_ABOUT_RETURN_TYPE = YES_ERROR;
				GCC_WARN_UNDECLARED_SELECTOR = YES;
				GCC_WARN_UNINITIALIZED_AUTOS = YES_AGGRESSIVE;
				GCC_WARN_UNUSED_FUNCTION = YES;
				GCC_WARN_UNUSED_VARIABLE = YES;
				IPHONEOS_DEPLOYMENT_TARGET = 10.2;
				MTL_ENABLE_DEBUG_INFO = YES;
				ONLY_ACTIVE_ARCH = YES;
				SDKROOT = iphoneos;
				TARGETED_DEVICE_FAMILY = "1,2";
			};
			name = Debug;
		};
		625706FA1E13FE2500D71872 /* Release */ = {
			isa = XCBuildConfiguration;
			buildSettings = {
				ALWAYS_SEARCH_USER_PATHS = NO;
				CLANG_ANALYZER_NONNULL = YES;
				CLANG_CXX_LANGUAGE_STANDARD = "gnu++0x";
				CLANG_CXX_LIBRARY = "libc++";
				CLANG_ENABLE_MODULES = YES;
				CLANG_ENABLE_OBJC_ARC = YES;
				CLANG_WARN_BOOL_CONVERSION = YES;
				CLANG_WARN_CONSTANT_CONVERSION = YES;
				CLANG_WARN_DIRECT_OBJC_ISA_USAGE = YES_ERROR;
				CLANG_WARN_DOCUMENTATION_COMMENTS = YES;
				CLANG_WARN_EMPTY_BODY = YES;
				CLANG_WARN_ENUM_CONVERSION = YES;
				CLANG_WARN_INFINITE_RECURSION = YES;
				CLANG_WARN_INT_CONVERSION = YES;
				CLANG_WARN_OBJC_ROOT_CLASS = YES_ERROR;
				CLANG_WARN_SUSPICIOUS_MOVE = YES;
				CLANG_WARN_UNREACHABLE_CODE = YES;
				CLANG_WARN__DUPLICATE_METHOD_MATCH = YES;
				"CODE_SIGN_IDENTITY[sdk=iphoneos*]" = "iPhone Developer";
				COPY_PHASE_STRIP = NO;
				DEBUG_INFORMATION_FORMAT = "dwarf-with-dsym";
				ENABLE_NS_ASSERTIONS = NO;
				ENABLE_STRICT_OBJC_MSGSEND = YES;
				GCC_C_LANGUAGE_STANDARD = gnu99;
				GCC_NO_COMMON_BLOCKS = YES;
				GCC_WARN_64_TO_32_BIT_CONVERSION = YES;
				GCC_WARN_ABOUT_RETURN_TYPE = YES_ERROR;
				GCC_WARN_UNDECLARED_SELECTOR = YES;
				GCC_WARN_UNINITIALIZED_AUTOS = YES_AGGRESSIVE;
				GCC_WARN_UNUSED_FUNCTION = YES;
				GCC_WARN_UNUSED_VARIABLE = YES;
				IPHONEOS_DEPLOYMENT_TARGET = 10.2;
				MTL_ENABLE_DEBUG_INFO = NO;
				SDKROOT = iphoneos;
				TARGETED_DEVICE_FAMILY = "1,2";
				VALIDATE_PRODUCT = YES;
			};
			name = Release;
		};
		625706FC1E13FE2500D71872 /* Debug */ = {
			isa = XCBuildConfiguration;
			buildSettings = {
				ASSETCATALOG_COMPILER_APPICON_NAME = AppIcon;
				DEVELOPMENT_TEAM = NA5G77P7FM;
				GCC_INCREASE_PRECOMPILED_HEADER_SHARING = NO;
				GCC_PRECOMPILE_PREFIX_HEADER = YES;
				GCC_PREFIX_HEADER = "$(SRCROOT)/Markdown/BYHeader.h";
				INFOPLIST_FILE = Markdown/Info.plist;
				LD_RUNPATH_SEARCH_PATHS = "$(inherited) @executable_path/Frameworks";
				PRODUCT_BUNDLE_IDENTIFIER = BYJ.Markdown;
				PRODUCT_NAME = "$(TARGET_NAME)";
			};
			name = Debug;
		};
		625706FD1E13FE2500D71872 /* Release */ = {
			isa = XCBuildConfiguration;
			buildSettings = {
				ASSETCATALOG_COMPILER_APPICON_NAME = AppIcon;
				DEVELOPMENT_TEAM = NA5G77P7FM;
				GCC_INCREASE_PRECOMPILED_HEADER_SHARING = NO;
				GCC_PRECOMPILE_PREFIX_HEADER = YES;
				GCC_PREFIX_HEADER = "$(SRCROOT)/Markdown/BYHeader.h";
				INFOPLIST_FILE = Markdown/Info.plist;
				LD_RUNPATH_SEARCH_PATHS = "$(inherited) @executable_path/Frameworks";
				PRODUCT_BUNDLE_IDENTIFIER = BYJ.Markdown;
				PRODUCT_NAME = "$(TARGET_NAME)";
			};
			name = Release;
		};
/* End XCBuildConfiguration section */

/* Begin XCConfigurationList section */
		625706DF1E13FE2400D71872 /* Build configuration list for PBXProject "Markdown" */ = {
			isa = XCConfigurationList;
			buildConfigurations = (
				625706F91E13FE2500D71872 /* Debug */,
				625706FA1E13FE2500D71872 /* Release */,
			);
			defaultConfigurationIsVisible = 0;
			defaultConfigurationName = Release;
		};
		625706FB1E13FE2500D71872 /* Build configuration list for PBXNativeTarget "Markdown" */ = {
			isa = XCConfigurationList;
			buildConfigurations = (
				625706FC1E13FE2500D71872 /* Debug */,
				625706FD1E13FE2500D71872 /* Release */,
			);
			defaultConfigurationIsVisible = 0;
			defaultConfigurationName = Release;
		};
/* End XCConfigurationList section */
	};
	rootObject = 625706DC1E13FE2400D71872 /* Project object */;
}
